Microsoft Visual Studio Solution File, Format Version 12.00
# Visual Studio Version 17
VisualStudioVersion = 17.5.2.0
MinimumVisualStudioVersion = 10.0.40219.1
Project("{FAE04EC0-301F-11D3-BF4B-00C04F79EFBC}") = "ChamadosPro.API", "ChamadosPro.API.csproj", "{7B83C210-5A33-A050-0EFC-6095F2F80642}"
EndProject
Global
	GlobalSection(SolutionConfigurationPlatforms) = preSolution
		Debug|Any CPU = Debug|Any CPU
		Release|Any CPU = Release|Any CPU
	EndGlobalSection
	GlobalSection(ProjectConfigurationPlatforms) = postSolution
		{7B83C210-5A33-A050-0EFC-6095F2F80642}.Debug|Any CPU.ActiveCfg = Debug|Any CPU
		{7B83C210-5A33-A050-0EFC-6095F2F80642}.Debug|Any CPU.Build.0 = Debug|Any CPU
		{7B83C210-5A33-A050-0EFC-6095F2F80642}.Release|Any CPU.ActiveCfg = Release|Any CPU
		{7B83C210-5A33-A050-0EFC-6095F2F80642}.Release|Any CPU.Build.0 = Release|Any CPU
	EndGlobalSection
	GlobalSection(SolutionProperties) = preSolution
		HideSolutionNode = FALSE
	EndGlobalSection
	GlobalSection(ExtensibilityGlobals) = postSolution
		SolutionGuid = {87E6E165-8791-4EB0-B6AE-35D323B8ADD5}
	EndGlobalSection
EndGlobal
